
Microsoft Visual Studio Solution File, Format Version 12.00
# Visual Studio Version 17
VisualStudioVersion = 17.0.31903.59
MinimumVisualStudioVersion = 10.0.40219.1
Project("{2150E333-8FDC-42A3-9474-1A3956D46DE8}") = "src", "src", "{43222E3A-5D84-40A8-A7D9-4B260857EFE3}"
EndProject
Project("{FAE04EC0-301F-11D3-BF4B-00C04F79EFBC}") = "HeartlandCIM.Web", "src\HeartlandCIM.Web\HeartlandCIM.Web.csproj", "{03B6995A-476F-41F5-B6F9-5D319E48EABB}"
EndProject
Global
	GlobalSection(SolutionConfigurationPlatforms) = preSolution
		Debug|Any CPU = Debug|Any CPU
		Release|Any CPU = Release|Any CPU
	EndGlobalSection
	GlobalSection(SolutionProperties) = preSolution
		HideSolutionNode = FALSE
	EndGlobalSection
	GlobalSection(ProjectConfigurationPlatforms) = postSolution
		{03B6995A-476F-41F5-B6F9-5D319E48EABB}.Debug|Any CPU.ActiveCfg = Debug|Any CPU
		{03B6995A-476F-41F5-B6F9-5D319E48EABB}.Debug|Any CPU.Build.0 = Debug|Any CPU
		{03B6995A-476F-41F5-B6F9-5D319E48EABB}.Release|Any CPU.ActiveCfg = Release|Any CPU
		{03B6995A-476F-41F5-B6F9-5D319E48EABB}.Release|Any CPU.Build.0 = Release|Any CPU
	EndGlobalSection
	GlobalSection(NestedProjects) = preSolution
		{03B6995A-476F-41F5-B6F9-5D319E48EABB} = {43222E3A-5D84-40A8-A7D9-4B260857EFE3}
	EndGlobalSection
EndGlobal
